// !$*UTF8*$!
{
	archiveVersion = 1;
	classes = {
	};
	objectVersion = 51;
	objects = {

/* Begin PBXBuildFile section */
		1046AD36C955B795E467B45A /* Pods_ParstagramTests.framework in Frameworks */ = {isa = PBXBuildFile; fileRef = A5738B54B39A2CD8AA484C12 /* Pods_ParstagramTests.framework */; };
		26F4D1C737D8CF03102F8BC8 /* Pods_Parstagram.framework in Frameworks */ = {isa = PBXBuildFile; fileRef = 5547A5478FD6DA678ACD9F73 /* Pods_Parstagram.framework */; };
		55875136270BD629009AADCB /* AppDelegate.swift in Sources */ = {isa = PBXBuildFile; fileRef = 55875135270BD629009AADCB /* AppDelegate.swift */; };
		55875138270BD629009AADCB /* SceneDelegate.swift in Sources */ = {isa = PBXBuildFile; fileRef = 55875137270BD629009AADCB /* SceneDelegate.swift */; };
		5587513A270BD629009AADCB /* ViewController.swift in Sources */ = {isa = PBXBuildFile; fileRef = 55875139270BD629009AADCB /* ViewController.swift */; };
		5587513D270BD629009AADCB /* Main.storyboard in Resources */ = {isa = PBXBuildFile; fileRef = 5587513B270BD629009AADCB /* Main.storyboard */; };
		5587513F270BD62A009AADCB /* Assets.xcassets in Resources */ = {isa = PBXBuildFile; fileRef = 5587513E270BD62A009AADCB /* Assets.xcassets */; };
		55875142270BD62A009AADCB /* LaunchScreen.storyboard in Resources */ = {isa = PBXBuildFile; fileRef = 55875140270BD62A009AADCB /* LaunchScreen.storyboard */; };
		5587514D270BD62A009AADCB /* ParstagramTests.swift in Sources */ = {isa = PBXBuildFile; fileRef = 5587514C270BD62A009AADCB /* ParstagramTests.swift */; };
		55875158270BD62A009AADCB /* ParstagramUITests.swift in Sources */ = {isa = PBXBuildFile; fileRef = 55875157270BD62A009AADCB /* ParstagramUITests.swift */; };
		55875166270BDCF2009AADCB /* LoginViewController.swift in Sources */ = {isa = PBXBuildFile; fileRef = 55875165270BDCF2009AADCB /* LoginViewController.swift */; };
		55875168270BDD01009AADCB /* FeedViewController.swift in Sources */ = {isa = PBXBuildFile; fileRef = 55875167270BDD01009AADCB /* FeedViewController.swift */; };
		5587516A270C08D9009AADCB /* CameraViewController.swift in Sources */ = {isa = PBXBuildFile; fileRef = 55875169270C08D9009AADCB /* CameraViewController.swift */; };
		5587516C270C1544009AADCB /* PostCell.swift in Sources */ = {isa = PBXBuildFile; fileRef = 5587516B270C1544009AADCB /* PostCell.swift */; };
		5587516E27152F12009AADCB /* CommentCell.swift in Sources */ = {isa = PBXBuildFile; fileRef = 5587516D27152F12009AADCB /* CommentCell.swift */; };
		93D5C45D70FEE736D6C086D5 /* Pods_Parstagram_ParstagramUITests.framework in Frameworks */ = {isa = PBXBuildFile; fileRef = 139CA9E8AB50B83A7994FBAD /* Pods_Parstagram_ParstagramUITests.framework */; };
/* End PBXBuildFile section */

/* Begin PBXContainerItemProxy section */
		55875149270BD62A009AADCB /* PBXContainerItemProxy */ = {
			isa = PBXContainerItemProxy;
			containerPortal = 5587512A270BD628009AADCB /* Project object */;
			proxyType = 1;
			remoteGlobalIDString = 55875131270BD629009AADCB;
			remoteInfo = Parstagram;
		};
		55875154270BD62A009AADCB /* PBXContainerItemProxy */ = {
			isa = PBXContainerItemProxy;
			containerPortal = 5587512A270BD628009AADCB /* Project object */;
			proxyType = 1;
			remoteGlobalIDString = 55875131270BD629009AADCB;
			remoteInfo = Parstagram;
		};
/* End PBXContainerItemProxy section */

/* Begin PBXFileReference section */
		075294A547457E92E28134FD /* Pods-ParstagramTests.debug.xcconfig */ = {isa = PBXFileReference; includeInIndex = 1; lastKnownFileType = text.xcconfig; name = "Pods-ParstagramTests.debug.xcconfig"; path = "Target Support Files/Pods-ParstagramTests/Pods-ParstagramTests.debug.xcconfig"; sourceTree = "<group>"; };
		139CA9E8AB50B83A7994FBAD /* Pods_Parstagram_ParstagramUITests.framework */ = {isa = PBXFileReference; explicitFileType = wrapper.framework; includeInIndex = 0; path = Pods_Parstagram_ParstagramUITests.framework; sourceTree = BUILT_PRODUCTS_DIR; };
		3238792F834FCFAE0189C5DE /* Pods-Parstagram.release.xcconfig */ = {isa = PBXFileReference; includeInIndex = 1; lastKnownFileType = text.xcconfig; name = "Pods-Parstagram.release.xcconfig"; path = "Target Support Files/Pods-Parstagram/Pods-Parstagram.release.xcconfig"; sourceTree = "<group>"; };
		459437D16CA1C439E9A3B093 /* Pods-Parstagram-ParstagramUITests.debug.xcconfig */ = {isa = PBXFileReference; includeInIndex = 1; lastKnownFileType = text.xcconfig; name = "Pods-Parstagram-ParstagramUITests.debug.xcconfig"; path = "Target Support Files/Pods-Parstagram-ParstagramUITests/Pods-Parstagram-ParstagramUITests.debug.xcconfig"; sourceTree = "<group>"; };
		5547A5478FD6DA678ACD9F73 /* Pods_Parstagram.framework */ = {isa = PBXFileReference; explicitFileType = wrapper.framework; includeInIndex = 0; path = Pods_Parstagram.framework; sourceTree = BUILT_PRODUCTS_DIR; };
		55875132270BD629009AADCB /* Parstagram.app */ = {isa = PBXFileReference; explicitFileType = wrapper.application; includeInIndex = 0; path = Parstagram.app; sourceTree = BUILT_PRODUCTS_DIR; };
		55875135270BD629009AADCB /* AppDelegate.swift */ = {isa = PBXFileReference; lastKnownFileType = sourcecode.swift; path = AppDelegate.swift; sourceTree = "<group>"; };
		55875137270BD629009AADCB /* SceneDelegate.swift */ = {isa = PBXFileReference; lastKnownFileType = sourcecode.swift; path = SceneDelegate.swift; sourceTree = "<group>"; };
		55875139270BD629009AADCB /* ViewController.swift */ = {isa = PBXFileReference; lastKnownFileType = sourcecode.swift; path = ViewController.swift; sourceTree = "<group>"; };
		5587513C270BD629009AADCB /* Base */ = {isa = PBXFileReference; lastKnownFileType = file.storyboard; name = Base; path = Base.lproj/Main.storyboard; sourceTree = "<group>"; };
		5587513E270BD62A009AADCB /* Assets.xcassets */ = {isa = PBXFileReference; lastKnownFileType = folder.assetcatalog; path = Assets.xcassets; sourceTree = "<group>"; };
		55875141270BD62A009AADCB /* Base */ = {isa = PBXFileReference; lastKnownFileType = file.storyboard; name = Base; path = Base.lproj/LaunchScreen.storyboard; sourceTree = "<group>"; };
		55875143270BD62A009AADCB /* Info.plist */ = {isa = PBXFileReference; lastKnownFileType = text.plist.xml; path = Info.plist; sourceTree = "<group>"; };
		55875148270BD62A009AADCB /* ParstagramTests.xctest */ = {isa = PBXFileReference; explicitFileType = wrapper.cfbundle; includeInIndex = 0; path = ParstagramTests.xctest; sourceTree = BUILT_PRODUCTS_DIR; };
		5587514C270BD62A009AADCB /* ParstagramTests.swift */ = {isa = PBXFileReference; lastKnownFileType = sourcecode.swift; path = ParstagramTests.swift; sourceTree = "<group>"; };
		5587514E270BD62A009AADCB /* Info.plist */ = {isa = PBXFileReference; lastKnownFileType = text.plist.xml; path = Info.plist; sourceTree = "<group>"; };
		55875153270BD62A009AADCB /* ParstagramUITests.xctest */ = {isa = PBXFileReference; explicitFileType = wrapper.cfbundle; includeInIndex = 0; path = ParstagramUITests.xctest; sourceTree = BUILT_PRODUCTS_DIR; };
		55875157270BD62A009AADCB /* ParstagramUITests.swift */ = {isa = PBXFileReference; lastKnownFileType = sourcecode.swift; path = ParstagramUITests.swift; sourceTree = "<group>"; };
		55875159270BD62A009AADCB /* Info.plist */ = {isa = PBXFileReference; lastKnownFileType = text.plist.xml; path = Info.plist; sourceTree = "<group>"; };
		55875165270BDCF2009AADCB /* LoginViewController.swift */ = {isa = PBXFileReference; lastKnownFileType = sourcecode.swift; path = LoginViewController.swift; sourceTree = "<group>"; };
		55875167270BDD01009AADCB /* FeedViewController.swift */ = {isa = PBXFileReference; lastKnownFileType = sourcecode.swift; path = FeedViewController.swift; sourceTree = "<group>"; };
		55875169270C08D9009AADCB /* CameraViewController.swift */ = {isa = PBXFileReference; lastKnownFileType = sourcecode.swift; path = CameraViewController.swift; sourceTree = "<group>"; };
		5587516B270C1544009AADCB /* PostCell.swift */ = {isa = PBXFileReference; lastKnownFileType = sourcecode.swift; path = PostCell.swift; sourceTree = "<group>"; };
		5587516D27152F12009AADCB /* CommentCell.swift */ = {isa = PBXFileReference; lastKnownFileType = sourcecode.swift; path = CommentCell.swift; sourceTree = "<group>"; };
		968155F33DD6A103C985739C /* Pods-Parstagram.debug.xcconfig */ = {isa = PBXFileReference; includeInIndex = 1; lastKnownFileType = text.xcconfig; name = "Pods-Parstagram.debug.xcconfig"; path = "Target Support Files/Pods-Parstagram/Pods-Parstagram.debug.xcconfig"; sourceTree = "<group>"; };
		A5738B54B39A2CD8AA484C12 /* Pods_ParstagramTests.framework */ = {isa = PBXFileReference; explicitFileType = wrapper.framework; includeInIndex = 0; path = Pods_ParstagramTests.framework; sourceTree = BUILT_PRODUCTS_DIR; };
		ABAF4893374E697CD03E2EC7 /* Pods-Parstagram-ParstagramUITests.release.xcconfig */ = {isa = PBXFileReference; includeInIndex = 1; lastKnownFileType = text.xcconfig; name = "Pods-Parstagram-ParstagramUITests.release.xcconfig"; path = "Target Support Files/Pods-Parstagram-ParstagramUITests/Pods-Parstagram-ParstagramUITests.release.xcconfig"; sourceTree = "<group>"; };
		F6083E110FE497606A6BCC96 /* Pods-ParstagramTests.release.xcconfig */ = {isa = PBXFileReference; includeInIndex = 1; lastKnownFileType = text.xcconfig; name = "Pods-ParstagramTests.release.xcconfig"; path = "Target Support Files/Pods-ParstagramTests/Pods-ParstagramTests.release.xcconfig"; sourceTree = "<group>"; };
/* End PBXFileReference section */

/* Begin PBXFrameworksBuildPhase section */
		5587512F270BD629009AADCB /* Frameworks */ = {
			isa = PBXFrameworksBuildPhase;
			buildActionMask = 2147483647;
			files = (
				26F4D1C737D8CF03102F8BC8 /* Pods_Parstagram.framework in Frameworks */,
			);
			runOnlyForDeploymentPostprocessing = 0;
		};
		55875145270BD62A009AADCB /* Frameworks */ = {
			isa = PBXFrameworksBuildPhase;
			buildActionMask = 2147483647;
			files = (
				1046AD36C955B795E467B45A /* Pods_ParstagramTests.framework in Frameworks */,
			);
			runOnlyForDeploymentPostprocessing = 0;
		};
		55875150270BD62A009AADCB /* Frameworks */ = {
			isa = PBXFrameworksBuildPhase;
			buildActionMask = 2147483647;
			files = (
				93D5C45D70FEE736D6C086D5 /* Pods_Parstagram_ParstagramUITests.framework in Frameworks */,
			);
			runOnlyForDeploymentPostprocessing = 0;
		};
/* End PBXFrameworksBuildPhase section */

/* Begin PBXGroup section */
		0AA100A8E550C040CF5DEEFF /* Pods */ = {
			isa = PBXGroup;
			children = (
				968155F33DD6A103C985739C /* Pods-Parstagram.debug.xcconfig */,
				3238792F834FCFAE0189C5DE /* Pods-Parstagram.release.xcconfig */,
				459437D16CA1C439E9A3B093 /* Pods-Parstagram-ParstagramUITests.debug.xcconfig */,
				ABAF4893374E697CD03E2EC7 /* Pods-Parstagram-ParstagramUITests.release.xcconfig */,
				075294A547457E92E28134FD /* Pods-ParstagramTests.debug.xcconfig */,
				F6083E110FE497606A6BCC96 /* Pods-ParstagramTests.release.xcconfig */,
			);
			path = Pods;
			sourceTree = "<group>";
		};
		55875129270BD628009AADCB = {
			isa = PBXGroup;
			children = (
				55875134270BD629009AADCB /* Parstagram */,
				5587514B270BD62A009AADCB /* ParstagramTests */,
				55875156270BD62A009AADCB /* ParstagramUITests */,
				55875133270BD629009AADCB /* Products */,
				0AA100A8E550C040CF5DEEFF /* Pods */,
				E25CD1E04B0144A1D9718278 /* Frameworks */,
			);
			sourceTree = "<group>";
		};
		55875133270BD629009AADCB /* Products */ = {
			isa = PBXGroup;
			children = (
				55875132270BD629009AADCB /* Parstagram.app */,
				55875148270BD62A009AADCB /* ParstagramTests.xctest */,
				55875153270BD62A009AADCB /* ParstagramUITests.xctest */,
			);
			name = Products;
			sourceTree = "<group>";
		};
		55875134270BD629009AADCB /* Parstagram */ = {
			isa = PBXGroup;
			children = (
				55875135270BD629009AADCB /* AppDelegate.swift */,
				55875137270BD629009AADCB /* SceneDelegate.swift */,
				55875139270BD629009AADCB /* ViewController.swift */,
				5587513B270BD629009AADCB /* Main.storyboard */,
				5587513E270BD62A009AADCB /* Assets.xcassets */,
				55875140270BD62A009AADCB /* LaunchScreen.storyboard */,
				55875143270BD62A009AADCB /* Info.plist */,
				55875165270BDCF2009AADCB /* LoginViewController.swift */,
				55875167270BDD01009AADCB /* FeedViewController.swift */,
				55875169270C08D9009AADCB /* CameraViewController.swift */,
				5587516B270C1544009AADCB /* PostCell.swift */,
				5587516D27152F12009AADCB /* CommentCell.swift */,
			);
			path = Parstagram;
			sourceTree = "<group>";
		};
		5587514B270BD62A009AADCB /* ParstagramTests */ = {
			isa = PBXGroup;
			children = (
				5587514C270BD62A009AADCB /* ParstagramTests.swift */,
				5587514E270BD62A009AADCB /* Info.plist */,
			);
			path = ParstagramTests;
			sourceTree = "<group>";
		};
		55875156270BD62A009AADCB /* ParstagramUITests */ = {
			isa = PBXGroup;
			children = (
				55875157270BD62A009AADCB /* ParstagramUITests.swift */,
				55875159270BD62A009AADCB /* Info.plist */,
			);
			path = ParstagramUITests;
			sourceTree = "<group>";
		};
		E25CD1E04B0144A1D9718278 /* Frameworks */ = {
			isa = PBXGroup;
			children = (
				5547A5478FD6DA678ACD9F73 /* Pods_Parstagram.framework */,
				139CA9E8AB50B83A7994FBAD /* Pods_Parstagram_ParstagramUITests.framework */,
				A5738B54B39A2CD8AA484C12 /* Pods_ParstagramTests.framework */,
			);
			name = Frameworks;
			sourceTree = "<group>";
		};
/* End PBXGroup section */

/* Begin PBXNativeTarget section */
		55875131270BD629009AADCB /* Parstagram */ = {
			isa = PBXNativeTarget;
			buildConfigurationList = 5587515C270BD62A009AADCB /* Build configuration list for PBXNativeTarget "Parstagram" */;
			buildPhases = (
				81C7B410B49A58E3C5FB48FC /* [CP] Check Pods Manifest.lock */,
				5587512E270BD629009AADCB /* Sources */,
				5587512F270BD629009AADCB /* Frameworks */,
				55875130270BD629009AADCB /* Resources */,
				05D492A6AD24F6997176310E /* [CP] Embed Pods Frameworks */,
			);
			buildRules = (
			);
			dependencies = (
			);
			name = Parstagram;
			productName = Parstagram;
			productReference = 55875132270BD629009AADCB /* Parstagram.app */;
			productType = "com.apple.product-type.application";
		};
		55875147270BD62A009AADCB /* ParstagramTests */ = {
			isa = PBXNativeTarget;
			buildConfigurationList = 5587515F270BD62A009AADCB /* Build configuration list for PBXNativeTarget "ParstagramTests" */;
			buildPhases = (
				15B0DE31A77710A5953B4CBF /* [CP] Check Pods Manifest.lock */,
				55875144270BD62A009AADCB /* Sources */,
				55875145270BD62A009AADCB /* Frameworks */,
				55875146270BD62A009AADCB /* Resources */,
			);
			buildRules = (
			);
			dependencies = (
				5587514A270BD62A009AADCB /* PBXTargetDependency */,
			);
			name = ParstagramTests;
			productName = ParstagramTests;
			productReference = 55875148270BD62A009AADCB /* ParstagramTests.xctest */;
			productType = "com.apple.product-type.bundle.unit-test";
		};
		55875152270BD62A009AADCB /* ParstagramUITests */ = {
			isa = PBXNativeTarget;
			buildConfigurationList = 55875162270BD62A009AADCB /* Build configuration list for PBXNativeTarget "ParstagramUITests" */;
			buildPhases = (
				3D94DE3B6EA869C03DCCF936 /* [CP] Check Pods Manifest.lock */,
				5587514F270BD62A009AADCB /* Sources */,
				55875150270BD62A009AADCB /* Frameworks */,
				55875151270BD62A009AADCB /* Resources */,
				4688F89DB78D683DCC297B7D /* [CP] Embed Pods Frameworks */,
			);
			buildRules = (
			);
			dependencies = (
				55875155270BD62A009AADCB /* PBXTargetDependency */,
			);
			name = ParstagramUITests;
			productName = ParstagramUITests;
			productReference = 55875153270BD62A009AADCB /* ParstagramUITests.xctest */;
			productType = "com.apple.product-type.bundle.ui-testing";
		};
/* End PBXNativeTarget section */

/* Begin PBXProject section */
		5587512A270BD628009AADCB /* Project object */ = {
			isa = PBXProject;
			attributes = {
				LastSwiftUpdateCheck = 1250;
				LastUpgradeCheck = 1250;
				TargetAttributes = {
					55875131270BD629009AADCB = {
						CreatedOnToolsVersion = 12.5.1;
					};
					55875147270BD62A009AADCB = {
						CreatedOnToolsVersion = 12.5.1;
						TestTargetID = 55875131270BD629009AADCB;
					};
					55875152270BD62A009AADCB = {
						CreatedOnToolsVersion = 12.5.1;
						TestTargetID = 55875131270BD629009AADCB;
					};
				};
			};
			buildConfigurationList = 5587512D270BD628009AADCB /* Build configuration list for PBXProject "Parstagram" */;
			compatibilityVersion = "Xcode 9.3";
			developmentRegion = en;
			hasScannedForEncodings = 0;
			knownRegions = (
				en,
				Base,
			);
			mainGroup = 55875129270BD628009AADCB;
			productRefGroup = 55875133270BD629009AADCB /* Products */;
			projectDirPath = "";
			projectRoot = "";
			targets = (
				55875131270BD629009AADCB /* Parstagram */,
				55875147270BD62A009AADCB /* ParstagramTests */,
				55875152270BD62A009AADCB /* ParstagramUITests */,
			);
		};
/* End PBXProject section */

/* Begin PBXResourcesBuildPhase section */
		55875130270BD629009AADCB /* Resources */ = {
			isa = PBXResourcesBuildPhase;
			buildActionMask = 2147483647;
			files = (
				55875142270BD62A009AADCB /* LaunchScreen.storyboard in Resources */,
				5587513F270BD62A009AADCB /* Assets.xcassets in Resources */,
				5587513D270BD629009AADCB /* Main.storyboard in Resources */,
			);
			runOnlyForDeploymentPostprocessing = 0;
		};
		55875146270BD62A009AADCB /* Resources */ = {
			isa = PBXResourcesBuildPhase;
			buildActionMask = 2147483647;
			files = (
			);
			runOnlyForDeploymentPostprocessing = 0;
		};
		55875151270BD62A009AADCB /* Resources */ = {
			isa = PBXResourcesBuildPhase;
			buildActionMask = 2147483647;
			files = (
			);
			runOnlyForDeploymentPostprocessing = 0;
		};
/* End PBXResourcesBuildPhase section */

/* Begin PBXShellScriptBuildPhase section */
		05D492A6AD24F6997176310E /* [CP] Embed Pods Frameworks */ = {
			isa = PBXShellScriptBuildPhase;
			buildActionMask = 2147483647;
			files = (
			);
			inputFileListPaths = (
				"${PODS_ROOT}/Target Support Files/Pods-Parstagram/Pods-Parstagram-frameworks-${CONFIGURATION}-input-files.xcfilelist",
			);
			name = "[CP] Embed Pods Frameworks";
			outputFileListPaths = (
				"${PODS_ROOT}/Target Support Files/Pods-Parstagram/Pods-Parstagram-frameworks-${CONFIGURATION}-output-files.xcfilelist",
			);
			runOnlyForDeploymentPostprocessing = 0;
			shellPath = /bin/sh;
			shellScript = "\"${PODS_ROOT}/Target Support Files/Pods-Parstagram/Pods-Parstagram-frameworks.sh\"\n";
			showEnvVarsInLog = 0;
		};
		15B0DE31A77710A5953B4CBF /* [CP] Check Pods Manifest.lock */ = {
			isa = PBXShellScriptBuildPhase;
			buildActionMask = 2147483647;
			files = (
			);
			inputFileListPaths = (
			);
			inputPaths = (
				"${PODS_PODFILE_DIR_PATH}/Podfile.lock",
				"${PODS_ROOT}/Manifest.lock",
			);
			name = "[CP] Check Pods Manifest.lock";
			outputFileListPaths = (
			);
			outputPaths = (
				"$(DERIVED_FILE_DIR)/Pods-ParstagramTests-checkManifestLockResult.txt",
			);
			runOnlyForDeploymentPostprocessing = 0;
			shellPath = /bin/sh;
			shellScript = "diff \"${PODS_PODFILE_DIR_PATH}/Podfile.lock\" \"${PODS_ROOT}/Manifest.lock\" > /dev/null\nif [ $? != 0 ] ; then\n    # print error to STDERR\n    echo \"error: The sandbox is not in sync with the Podfile.lock. Run 'pod install' or update your CocoaPods installation.\" >&2\n    exit 1\nfi\n# This output is used by Xcode 'outputs' to avoid re-running this script phase.\necho \"SUCCESS\" > \"${SCRIPT_OUTPUT_FILE_0}\"\n";
			showEnvVarsInLog = 0;
		};
		3D94DE3B6EA869C03DCCF936 /* [CP] Check Pods Manifest.lock */ = {
			isa = PBXShellScriptBuildPhase;
			buildActionMask = 2147483647;
			files = (
			);
			inputFileListPaths = (
			);
			inputPaths = (
				"${PODS_PODFILE_DIR_PATH}/Podfile.lock",
				"${PODS_ROOT}/Manifest.lock",
			);
			name = "[CP] Check Pods Manifest.lock";
			outputFileListPaths = (
			);
			outputPaths = (
				"$(DERIVED_FILE_DIR)/Pods-Parstagram-ParstagramUITests-checkManifestLockResult.txt",
			);
			runOnlyForDeploymentPostprocessing = 0;
			shellPath = /bin/sh;
			shellScript = "diff \"${PODS_PODFILE_DIR_PATH}/Podfile.lock\" \"${PODS_ROOT}/Manifest.lock\" > /dev/null\nif [ $? != 0 ] ; then\n    # print error to STDERR\n    echo \"error: The sandbox is not in sync with the Podfile.lock. Run 'pod install' or update your CocoaPods installation.\" >&2\n    exit 1\nfi\n# This output is used by Xcode 'outputs' to avoid re-running this script phase.\necho \"SUCCESS\" > \"${SCRIPT_OUTPUT_FILE_0}\"\n";
			showEnvVarsInLog = 0;
		};
		4688F89DB78D683DCC297B7D /* [CP] Embed Pods Frameworks */ = {
			isa = PBXShellScriptBuildPhase;
			buildActionMask = 2147483647;
			files = (
			);
			inputFileListPaths = (
				"${PODS_ROOT}/Target Support Files/Pods-Parstagram-ParstagramUITests/Pods-Parstagram-ParstagramUITests-frameworks-${CONFIGURATION}-input-files.xcfilelist",
			);
			name = "[CP] Embed Pods Frameworks";
			outputFileListPaths = (
				"${PODS_ROOT}/Target Support Files/Pods-Parstagram-ParstagramUITests/Pods-Parstagram-ParstagramUITests-frameworks-${CONFIGURATION}-output-files.xcfilelist",
			);
			runOnlyForDeploymentPostprocessing = 0;
			shellPath = /bin/sh;
			shellScript = "\"${PODS_ROOT}/Target Support Files/Pods-Parstagram-ParstagramUITests/Pods-Parstagram-ParstagramUITests-frameworks.sh\"\n";
			showEnvVarsInLog = 0;
		};
		81C7B410B49A58E3C5FB48FC /* [CP] Check Pods Manifest.lock */ = {
			isa = PBXShellScriptBuildPhase;
			buildActionMask = 2147483647;
			files = (
			);
			inputFileListPaths = (
			);
			inputPaths = (
				"${PODS_PODFILE_DIR_PATH}/Podfile.lock",
				"${PODS_ROOT}/Manifest.lock",
			);
			name = "[CP] Check Pods Manifest.lock";
			outputFileListPaths = (
			);
			outputPaths = (
				"$(DERIVED_FILE_DIR)/Pods-Parstagram-checkManifestLockResult.txt",
			);
			runOnlyForDeploymentPostprocessing = 0;
			shellPath = /bin/sh;
			shellScript = "diff \"${PODS_PODFILE_DIR_PATH}/Podfile.lock\" \"${PODS_ROOT}/Manifest.lock\" > /dev/null\nif [ $? != 0 ] ; then\n    # print error to STDERR\n    echo \"error: The sandbox is not in sync with the Podfile.lock. Run 'pod install' or update your CocoaPods installation.\" >&2\n    exit 1\nfi\n# This output is used by Xcode 'outputs' to avoid re-running this script phase.\necho \"SUCCESS\" > \"${SCRIPT_OUTPUT_FILE_0}\"\n";
			showEnvVarsInLog = 0;
		};
/* End PBXShellScriptBuildPhase section */

/* Begin PBXSourcesBuildPhase section */
		5587512E270BD629009AADCB /* Sources */ = {
			isa = PBXSourcesBuildPhase;
			buildActionMask = 2147483647;
			files = (
				5587516C270C1544009AADCB /* PostCell.swift in Sources */,
				55875166270BDCF2009AADCB /* LoginViewController.swift in Sources */,
				5587513A270BD629009AADCB /* ViewController.swift in Sources */,
				55875168270BDD01009AADCB /* FeedViewController.swift in Sources */,
				55875136270BD629009AADCB /* AppDelegate.swift in Sources */,
				55875138270BD629009AADCB /* SceneDelegate.swift in Sources */,
				5587516A270C08D9009AADCB /* CameraViewController.swift in Sources */,
				5587516E27152F12009AADCB /* CommentCell.swift in Sources */,
			);
			runOnlyForDeploymentPostprocessing = 0;
		};
		55875144270BD62A009AADCB /* Sources */ = {
			isa = PBXSourcesBuildPhase;
			buildActionMask = 2147483647;
			files = (
				5587514D270BD62A009AADCB /* ParstagramTests.swift in Sources */,
			);
			runOnlyForDeploymentPostprocessing = 0;
		};
		5587514F270BD62A009AADCB /* Sources */ = {
			isa = PBXSourcesBuildPhase;
			buildActionMask = 2147483647;
			files = (
				55875158270BD62A009AADCB /* ParstagramUITests.swift in Sources */,
			);
			runOnlyForDeploymentPostprocessing = 0;
		};
/* End PBXSourcesBuildPhase section */

/* Begin PBXTargetDependency section */
		5587514A270BD62A009AADCB /* PBXTargetDependency */ = {
			isa = PBXTargetDependency;
			target = 55875131270BD629009AADCB /* Parstagram */;
			targetProxy = 55875149270BD62A009AADCB /* PBXContainerItemProxy */;
		};
		55875155270BD62A009AADCB /* PBXTargetDependency */ = {
			isa = PBXTargetDependency;
			target = 55875131270BD629009AADCB /* Parstagram */;
			targetProxy = 55875154270BD62A009AADCB /* PBXContainerItemProxy */;
		};
/* End PBXTargetDependency section */

/* Begin PBXVariantGroup section */
		5587513B270BD629009AADCB /* Main.storyboard */ = {
			isa = PBXVariantGroup;
			children = (
				5587513C270BD629009AADCB /* Base */,
			);
			name = Main.storyboard;
			sourceTree = "<group>";
		};
		55875140270BD62A009AADCB /* LaunchScreen.storyboard */ = {
			isa = PBXVariantGroup;
			children = (
				55875141270BD62A009AADCB /* Base */,
			);
			name = LaunchScreen.storyboard;
			sourceTree = "<group>";
		};
/* End PBXVariantGroup section */

/* Begin XCBuildConfiguration section */
		5587515A270BD62A009AADCB /* Debug */ = {
			isa = XCBuildConfiguration;
			buildSettings = {
				ALWAYS_SEARCH_USER_PATHS = NO;
				CLANG_ANALYZER_NONNULL = YES;
				CLANG_ANALYZER_NUMBER_OBJECT_CONVERSION = YES_AGGRESSIVE;
				CLANG_CXX_LANGUAGE_STANDARD = "gnu++14";
				CLANG_CXX_LIBRARY = "libc++";
				CLANG_ENABLE_MODULES = YES;
				CLANG_ENABLE_OBJC_ARC = YES;
				CLANG_ENABLE_OBJC_WEAK = YES;
				CLANG_WARN_BLOCK_CAPTURE_AUTORELEASING = YES;
				CLANG_WARN_BOOL_CONVERSION = YES;
				CLANG_WARN_COMMA = YES;
				CLANG_WARN_CONSTANT_CONVERSION = YES;
				CLANG_WARN_DEPRECATED_OBJC_IMPLEMENTATIONS = YES;
				CLANG_WARN_DIRECT_OBJC_ISA_USAGE = YES_ERROR;
				CLANG_WARN_DOCUMENTATION_COMMENTS = YES;
				CLANG_WARN_EMPTY_BODY = YES;
				CLANG_WARN_ENUM_CONVERSION = YES;
				CLANG_WARN_INFINITE_RECURSION = YES;
				CLANG_WARN_INT_CONVERSION = YES;
				CLANG_WARN_NON_LITERAL_NULL_CONVERSION = YES;
				CLANG_WARN_OBJC_IMPLICIT_RETAIN_SELF = YES;
				CLANG_WARN_OBJC_LITERAL_CONVERSION = YES;
				CLANG_WARN_OBJC_ROOT_CLASS = YES_ERROR;
				CLANG_WARN_QUOTED_INCLUDE_IN_FRAMEWORK_HEADER = YES;
				CLANG_WARN_RANGE_LOOP_ANALYSIS = YES;
				CLANG_WARN_STRICT_PROTOTYPES = YES;
				CLANG_WARN_SUSPICIOUS_MOVE = YES;
				CLANG_WARN_UNGUARDED_AVAILABILITY = YES_AGGRESSIVE;
				CLANG_WARN_UNREACHABLE_CODE = YES;
				CLANG_WARN__DUPLICATE_METHOD_MATCH = YES;
				COPY_PHASE_STRIP = NO;
				DEBUG_INFORMATION_FORMAT = dwarf;
				ENABLE_STRICT_OBJC_MSGSEND = YES;
				ENABLE_TESTABILITY = YES;
				GCC_C_LANGUAGE_STANDARD = gnu11;
				GCC_DYNAMIC_NO_PIC = NO;
				GCC_NO_COMMON_BLOCKS = YES;
				GCC_OPTIMIZATION_LEVEL = 0;
				GCC_PREPROCESSOR_DEFINITIONS = (
					"DEBUG=1",
					"$(inherited)",
				);
				GCC_WARN_64_TO_32_BIT_CONVERSION = YES;
				GCC_WARN_ABOUT_RETURN_TYPE = YES_ERROR;
				GCC_WARN_UNDECLARED_SELECTOR = YES;
				GCC_WARN_UNINITIALIZED_AUTOS = YES_AGGRESSIVE;
				GCC_WARN_UNUSED_FUNCTION = YES;
				GCC_WARN_UNUSED_VARIABLE = YES;
				IPHONEOS_DEPLOYMENT_TARGET = 14.5;
				MTL_ENABLE_DEBUG_INFO = INCLUDE_SOURCE;
				MTL_FAST_MATH = YES;
				ONLY_ACTIVE_ARCH = YES;
				SDKROOT = iphoneos;
				SWIFT_ACTIVE_COMPILATION_CONDITIONS = DEBUG;
				SWIFT_OPTIMIZATION_LEVEL = "-Onone";
			};
			name = Debug;
		};
		5587515B270BD62A009AADCB /* Release */ = {
			isa = XCBuildConfiguration;
			buildSettings = {
				ALWAYS_SEARCH_USER_PATHS = NO;
				CLANG_ANALYZER_NONNULL = YES;
				CLANG_ANALYZER_NUMBER_OBJECT_CONVERSION = YES_AGGRESSIVE;
				CLANG_CXX_LANGUAGE_STANDARD = "gnu++14";
				CLANG_CXX_LIBRARY = "libc++";
				CLANG_ENABLE_MODULES = YES;
				CLANG_ENABLE_OBJC_ARC = YES;
				CLANG_ENABLE_OBJC_WEAK = YES;
				CLANG_WARN_BLOCK_CAPTURE_AUTORELEASING = YES;
				CLANG_WARN_BOOL_CONVERSION = YES;
				CLANG_WARN_COMMA = YES;
				CLANG_WARN_CONSTANT_CONVERSION = YES;
				CLANG_WARN_DEPRECATED_OBJC_IMPLEMENTATIONS = YES;
				CLANG_WARN_DIRECT_OBJC_ISA_USAGE = YES_ERROR;
				CLANG_WARN_DOCUMENTATION_COMMENTS = YES;
				CLANG_WARN_EMPTY_BODY = YES;
				CLANG_WARN_ENUM_CONVERSION = YES;
				CLANG_WARN_INFINITE_RECURSION = YES;
				CLANG_WARN_INT_CONVERSION = YES;
				CLANG_WARN_NON_LITERAL_NULL_CONVERSION = YES;
				CLANG_WARN_OBJC_IMPLICIT_RETAIN_SELF = YES;
				CLANG_WARN_OBJC_LITERAL_CONVERSION = YES;
				CLANG_WARN_OBJC_ROOT_CLASS = YES_ERROR;
				CLANG_WARN_QUOTED_INCLUDE_IN_FRAMEWORK_HEADER = YES;
				CLANG_WARN_RANGE_LOOP_ANALYSIS = YES;
				CLANG_WARN_STRICT_PROTOTYPES = YES;
				CLANG_WARN_SUSPICIOUS_MOVE = YES;
				CLANG_WARN_UNGUARDED_AVAILABILITY = YES_AGGRESSIVE;
				CLANG_WARN_UNREACHABLE_CODE = YES;
				CLANG_WARN__DUPLICATE_METHOD_MATCH = YES;
				COPY_PHASE_STRIP = NO;
				DEBUG_INFORMATION_FORMAT = "dwarf-with-dsym";
				ENABLE_NS_ASSERTIONS = NO;
				ENABLE_STRICT_OBJC_MSGSEND = YES;
				GCC_C_LANGUAGE_STANDARD = gnu11;
				GCC_NO_COMMON_BLOCKS = YES;
				GCC_WARN_64_TO_32_BIT_CONVERSION = YES;
				GCC_WARN_ABOUT_RETURN_TYPE = YES_ERROR;
				GCC_WARN_UNDECLARED_SELECTOR = YES;
				GCC_WARN_UNINITIALIZED_AUTOS = YES_AGGRESSIVE;
				GCC_WARN_UNUSED_FUNCTION = YES;
				GCC_WARN_UNUSED_VARIABLE = YES;
				IPHONEOS_DEPLOYMENT_TARGET = 14.5;
				MTL_ENABLE_DEBUG_INFO = NO;
				MTL_FAST_MATH = YES;
				SDKROOT = iphoneos;
				SWIFT_COMPILATION_MODE = wholemodule;
				SWIFT_OPTIMIZATION_LEVEL = "-O";
				VALIDATE_PRODUCT = YES;
			};
			name = Release;
		};
		5587515D270BD62A009AADCB /* Debug */ = {
			isa = XCBuildConfiguration;
			baseConfigurationReference = 968155F33DD6A103C985739C /* Pods-Parstagram.debug.xcconfig */;
			buildSettings = {
				ASSETCATALOG_COMPILER_APPICON_NAME = AppIcon;
				ASSETCATALOG_COMPILER_GLOBAL_ACCENT_COLOR_NAME = AccentColor;
				CODE_SIGN_STYLE = Automatic;
				INFOPLIST_FILE = Parstagram/Info.plist;
				LD_RUNPATH_SEARCH_PATHS = (
					"$(inherited)",
					"@executable_path/Frameworks",
				);
				PRODUCT_BUNDLE_IDENTIFIER = memo.com.Parstagram;
				PRODUCT_NAME = "$(TARGET_NAME)";
				SWIFT_VERSION = 5.0;
				TARGETED_DEVICE_FAMILY = "1,2";
			};
			name = Debug;
		};
		5587515E270BD62A009AADCB /* Release */ = {
			isa = XCBuildConfiguration;
			baseConfigurationReference = 3238792F834FCFAE0189C5DE /* Pods-Parstagram.release.xcconfig */;
			buildSettings = {
				ASSETCATALOG_COMPILER_APPICON_NAME = AppIcon;
				ASSETCATALOG_COMPILER_GLOBAL_ACCENT_COLOR_NAME = AccentColor;
				CODE_SIGN_STYLE = Automatic;
				INFOPLIST_FILE = Parstagram/Info.plist;
				LD_RUNPATH_SEARCH_PATHS = (
					"$(inherited)",
					"@executable_path/Frameworks",
				);
				PRODUCT_BUNDLE_IDENTIFIER = memo.com.Parstagram;
				PRODUCT_NAME = "$(TARGET_NAME)";
				SWIFT_VERSION = 5.0;
				TARGETED_DEVICE_FAMILY = "1,2";
			};
			name = Release;
		};
		55875160270BD62A009AADCB /* Debug */ = {
			isa = XCBuildConfiguration;
			baseConfigurationReference = 075294A547457E92E28134FD /* Pods-ParstagramTests.debug.xcconfig */;
			buildSettings = {
				ALWAYS_EMBED_SWIFT_STANDARD_LIBRARIES = YES;
				BUNDLE_LOADER = "$(TEST_HOST)";
				CODE_SIGN_STYLE = Automatic;
				INFOPLIST_FILE = ParstagramTests/Info.plist;
				IPHONEOS_DEPLOYMENT_TARGET = 14.5;
				LD_RUNPATH_SEARCH_PATHS = (
					"$(inherited)",
					"@executable_path/Frameworks",
					"@loader_path/Frameworks",
				);
				PRODUCT_BUNDLE_IDENTIFIER = memo.com.ParstagramTests;
				PRODUCT_NAME = "$(TARGET_NAME)";
				SWIFT_VERSION = 5.0;
				TARGETED_DEVICE_FAMILY = "1,2";
				TEST_HOST = "$(BUILT_PRODUCTS_DIR)/Parstagram.app/Parstagram";
			};
			name = Debug;
		};
		55875161270BD62A009AADCB /* Release */ = {
			isa = XCBuildConfiguration;
			baseConfigurationReference = F6083E110FE497606A6BCC96 /* Pods-ParstagramTests.release.xcconfig */;
			buildSettings = {
				ALWAYS_EMBED_SWIFT_STANDARD_LIBRARIES = YES;
				BUNDLE_LOADER = "$(TEST_HOST)";
				CODE_SIGN_STYLE = Automatic;
				INFOPLIST_FILE = ParstagramTests/Info.plist;
				IPHONEOS_DEPLOYMENT_TARGET = 14.5;
				LD_RUNPATH_SEARCH_PATHS = (
					"$(inherited)",
					"@executable_path/Frameworks",
					"@loader_path/Frameworks",
				);
				PRODUCT_BUNDLE_IDENTIFIER = memo.com.ParstagramTests;
				PRODUCT_NAME = "$(TARGET_NAME)";
				SWIFT_VERSION = 5.0;
				TARGETED_DEVICE_FAMILY = "1,2";
				TEST_HOST = "$(BUILT_PRODUCTS_DIR)/Parstagram.app/Parstagram";
			};
			name = Release;
		};
		55875163270BD62A009AADCB /* Debug */ = {
			isa = XCBuildConfiguration;
			baseConfigurationReference = 459437D16CA1C439E9A3B093 /* Pods-Parstagram-ParstagramUITests.debug.xcconfig */;
			buildSettings = {
				ALWAYS_EMBED_SWIFT_STANDARD_LIBRARIES = YES;
				CODE_SIGN_STYLE = Automatic;
				INFOPLIST_FILE = ParstagramUITests/Info.plist;
				LD_RUNPATH_SEARCH_PATHS = (
					"$(inherited)",
					"@executable_path/Frameworks",
					"@loader_path/Frameworks",
				);
				PRODUCT_BUNDLE_IDENTIFIER = memo.com.ParstagramUITests;
				PRODUCT_NAME = "$(TARGET_NAME)";
				SWIFT_VERSION = 5.0;
				TARGETED_DEVICE_FAMILY = "1,2";
				TEST_TARGET_NAME = Parstagram;
			};
			name = Debug;
		};
		55875164270BD62A009AADCB /* Release */ = {
			isa = XCBuildConfiguration;
			baseConfigurationReference = ABAF4893374E697CD03E2EC7 /* Pods-Parstagram-ParstagramUITests.release.xcconfig */;
			buildSettings = {
				ALWAYS_EMBED_SWIFT_STANDARD_LIBRARIES = YES;
				CODE_SIGN_STYLE = Automatic;
				INFOPLIST_FILE = ParstagramUITests/Info.plist;
				LD_RUNPATH_SEARCH_PATHS = (
					"$(inherited)",
					"@executable_path/Frameworks",
					"@loader_path/Frameworks",
				);
				PRODUCT_BUNDLE_IDENTIFIER = memo.com.ParstagramUITests;
				PRODUCT_NAME = "$(TARGET_NAME)";
				SWIFT_VERSION = 5.0;
				TARGETED_DEVICE_FAMILY = "1,2";
				TEST_TARGET_NAME = Parstagram;
			};
			name = Release;
		};
/* End XCBuildConfiguration section */

/* Begin XCConfigurationList section */
		5587512D270BD628009AADCB /* Build configuration list for PBXProject "Parstagram" */ = {
			isa = XCConfigurationList;
			buildConfigurations = (
				5587515A270BD62A009AADCB /* Debug */,
				5587515B270BD62A009AADCB /* Release */,
			);
			defaultConfigurationIsVisible = 0;
			defaultConfigurationName = Release;
		};
		5587515C270BD62A009AADCB /* Build configuration list for PBXNativeTarget "Parstagram" */ = {
			isa = XCConfigurationList;
			buildConfigurations = (
				5587515D270BD62A009AADCB /* Debug */,
				5587515E270BD62A009AADCB /* Release */,
			);
			defaultConfigurationIsVisible = 0;
			defaultConfigurationName = Release;
		};
		5587515F270BD62A009AADCB /* Build configuration list for PBXNativeTarget "ParstagramTests" */ = {
			isa = XCConfigurationList;
			buildConfigurations = (
				55875160270BD62A009AADCB /* Debug */,
				55875161270BD62A009AADCB /* Release */,
			);
			defaultConfigurationIsVisible = 0;
			defaultConfigurationName = Release;
		};
		55875162270BD62A009AADCB /* Build configuration list for PBXNativeTarget "ParstagramUITests" */ = {
			isa = XCConfigurationList;
			buildConfigurations = (
				55875163270BD62A009AADCB /* Debug */,
				55875164270BD62A009AADCB /* Release */,
			);
			defaultConfigurationIsVisible = 0;
			defaultConfigurationName = Release;
		};
/* End XCConfigurationList section */
	};
	rootObject = 5587512A270BD628009AADCB /* Project object */;
}
